
Microsoft Visual Studio Solution File, Format Version 12.00
# Visual Studio Version 17
VisualStudioVersion = 17.1.32328.378
MinimumVisualStudioVersion = 10.0.40219.1
Project("{FAE04EC0-301F-11D3-BF4B-00C04F79EFBC}") = "DemoApp", "DemoApp\DemoApp.csproj", "{C207402F-1A16-43F2-8851-0B2E57BE2753}"
EndProject
Global
	GlobalSection(SolutionConfigurationPlatforms) = preSolution
		Debug|Any CPU = Debug|Any CPU
		Release|Any CPU = Release|Any CPU
	EndGlobalSection
	GlobalSection(ProjectConfigurationPlatforms) = postSolution
		{C207402F-1A16-43F2-8851-0B2E57BE2753}.Debug|Any CPU.ActiveCfg = Debug|Any CPU
		{C207402F-1A16-43F2-8851-0B2E57BE2753}.Debug|Any CPU.Build.0 = Debug|Any CPU
		{C207402F-1A16-43F2-8851-0B2E57BE2753}.Release|Any CPU.ActiveCfg = Release|Any CPU
		{C207402F-1A16-43F2-8851-0B2E57BE2753}.Release|Any CPU.Build.0 = Release|Any CPU
	EndGlobalSection
	GlobalSection(SolutionProperties) = preSolution
		HideSolutionNode = FALSE
	EndGlobalSection
	GlobalSection(ExtensibilityGlobals) = postSolution
		SolutionGuid = {FC9A1E6F-CB5C-4ECF-928D-02DAEEC9068F}
	EndGlobalSection
EndGlobal
